
Microsoft Visual Studio Solution File, Format Version 12.00
# Visual Studio 15
VisualStudioVersion = 15.0.26430.16
MinimumVisualStudioVersion = 10.0.40219.1
Project("{FAE04EC0-301F-11D3-BF4B-00C04F79EFBC}") = "ConsultaMEdica", "ConsultaMEdica\ConsultaMEdica.csproj", "{43FD5635-18A4-447A-ABB9-BAFE311FFF21}"
EndProject
Global
	GlobalSection(SolutionConfigurationPlatforms) = preSolution
		Debug|Any CPU = Debug|Any CPU
		Release|Any CPU = Release|Any CPU
	EndGlobalSection
	GlobalSection(ProjectConfigurationPlatforms) = postSolution
		{43FD5635-18A4-447A-ABB9-BAFE311FFF21}.Debug|Any CPU.ActiveCfg = Debug|Any CPU
		{43FD5635-18A4-447A-ABB9-BAFE311FFF21}.Debug|Any CPU.Build.0 = Debug|Any CPU
		{43FD5635-18A4-447A-ABB9-BAFE311FFF21}.Release|Any CPU.ActiveCfg = Release|Any CPU
		{43FD5635-18A4-447A-ABB9-BAFE311FFF21}.Release|Any CPU.Build.0 = Release|Any CPU
	EndGlobalSection
	GlobalSection(SolutionProperties) = preSolution
		HideSolutionNode = FALSE
	EndGlobalSection
EndGlobal
